
Microsoft Visual Studio Solution File, Format Version 12.00
Project("{FAE04EC0-301F-11D3-BF4B-00C04F79EFBC}") = "Friflo.Vectorization.Attributes", "src\Vectorization.Attributes\Friflo.Vectorization.Attributes.csproj", "{02962FD5-AC01-43BE-ACEF-641FEAAC9F2D}"
EndProject
Project("{FAE04EC0-301F-11D3-BF4B-00C04F79EFBC}") = "Friflo.Vectorization.Generators", "src\Vectorization.Generators\Friflo.Vectorization.Generators.csproj", "{0E955DC5-FFCB-437F-B155-26D9AA7B1E03}"
EndProject
Project("{FAE04EC0-301F-11D3-BF4B-00C04F79EFBC}") = "Tests-Generators-Code", "src\Tests-Generators\Tests-Generators-Code.csproj", "{1D0CC391-A07E-4196-8927-FF2D59C4ED74}"
EndProject
Project("{FAE04EC0-301F-11D3-BF4B-00C04F79EFBC}") = "Tests-Generators-Verify", "src\Tests-Generators-Verify\Tests-Generators-Verify.csproj", "{9CE90315-E330-41C0-BAF3-2672C7E453BA}"
EndProject
Project("{FAE04EC0-301F-11D3-BF4B-00C04F79EFBC}") = "Tests", "src\Tests\Tests.csproj", "{187F3D08-F304-45BD-9775-82B07AAB5B9A}"
EndProject
Project("{FAE04EC0-301F-11D3-BF4B-00C04F79EFBC}") = "Friflo.Vectorization.GPU", "src\Vectorization.GPU\Friflo.Vectorization.GPU.csproj", "{158185EF-D9C7-4EB6-B000-14C71704B8CA}"
EndProject
Project("{FAE04EC0-301F-11D3-BF4B-00C04F79EFBC}") = "Friflo.Vectorization.WebGPU", "src\Vectorization.WebGPU\Friflo.Vectorization.WebGPU.csproj", "{A473F857-E2F0-4D22-BDAB-D763DCEB1E05}"
EndProject
Project("{FAE04EC0-301F-11D3-BF4B-00C04F79EFBC}") = "Tests-Console", "src\Tests-Console\Tests-Console.csproj", "{79CC4FF0-FF26-46A3-81FB-A3DBB39862EA}"
EndProject
Project("{FAE04EC0-301F-11D3-BF4B-00C04F79EFBC}") = "Friflo.WGSL.Transpiler", "src\Friflo.WGSL.Transpiler\Friflo.WGSL.Transpiler.csproj", "{3F9076C6-6CD1-43D3-9A73-AF97A0FB26CC}"
EndProject
Project("{FAE04EC0-301F-11D3-BF4B-00C04F79EFBC}") = "Friflo.Vectorization.Generators.CodeFixes", "src\Vectorization.Generators.CodeFixes\Friflo.Vectorization.Generators.CodeFixes.csproj", "{1AD07C07-E282-44D4-9780-069FEBD22DB9}"
EndProject
Project("{FAE04EC0-301F-11D3-BF4B-00C04F79EFBC}") = "Friflo.WGPU.ImDraw", "src\Friflo.WGPU.ImDraw\Friflo.WGPU.ImDraw.csproj", "{C79EDF8C-9DA8-42B1-9C22-35BF1364A398}"
EndProject
Global
	GlobalSection(SolutionConfigurationPlatforms) = preSolution
		Debug|Any CPU = Debug|Any CPU
		Release|Any CPU = Release|Any CPU
	EndGlobalSection
	GlobalSection(ProjectConfigurationPlatforms) = postSolution
		{02962FD5-AC01-43BE-ACEF-641FEAAC9F2D}.Debug|Any CPU.ActiveCfg = Debug|Any CPU
		{02962FD5-AC01-43BE-ACEF-641FEAAC9F2D}.Debug|Any CPU.Build.0 = Debug|Any CPU
		{02962FD5-AC01-43BE-ACEF-641FEAAC9F2D}.Release|Any CPU.ActiveCfg = Release|Any CPU
		{02962FD5-AC01-43BE-ACEF-641FEAAC9F2D}.Release|Any CPU.Build.0 = Release|Any CPU
		{0E955DC5-FFCB-437F-B155-26D9AA7B1E03}.Debug|Any CPU.ActiveCfg = Debug|Any CPU
		{0E955DC5-FFCB-437F-B155-26D9AA7B1E03}.Debug|Any CPU.Build.0 = Debug|Any CPU
		{0E955DC5-FFCB-437F-B155-26D9AA7B1E03}.Release|Any CPU.ActiveCfg = Release|Any CPU
		{0E955DC5-FFCB-437F-B155-26D9AA7B1E03}.Release|Any CPU.Build.0 = Release|Any CPU
		{1D0CC391-A07E-4196-8927-FF2D59C4ED74}.Debug|Any CPU.ActiveCfg = Debug|Any CPU
		{1D0CC391-A07E-4196-8927-FF2D59C4ED74}.Debug|Any CPU.Build.0 = Debug|Any CPU
		{1D0CC391-A07E-4196-8927-FF2D59C4ED74}.Release|Any CPU.ActiveCfg = Release|Any CPU
		{1D0CC391-A07E-4196-8927-FF2D59C4ED74}.Release|Any CPU.Build.0 = Release|Any CPU
		{9CE90315-E330-41C0-BAF3-2672C7E453BA}.Debug|Any CPU.ActiveCfg = Debug|Any CPU
		{9CE90315-E330-41C0-BAF3-2672C7E453BA}.Debug|Any CPU.Build.0 = Debug|Any CPU
		{9CE90315-E330-41C0-BAF3-2672C7E453BA}.Release|Any CPU.ActiveCfg = Release|Any CPU
		{9CE90315-E330-41C0-BAF3-2672C7E453BA}.Release|Any CPU.Build.0 = Release|Any CPU
		{187F3D08-F304-45BD-9775-82B07AAB5B9A}.Debug|Any CPU.ActiveCfg = Debug|Any CPU
		{187F3D08-F304-45BD-9775-82B07AAB5B9A}.Debug|Any CPU.Build.0 = Debug|Any CPU
		{187F3D08-F304-45BD-9775-82B07AAB5B9A}.Release|Any CPU.ActiveCfg = Release|Any CPU
		{187F3D08-F304-45BD-9775-82B07AAB5B9A}.Release|Any CPU.Build.0 = Release|Any CPU
		{158185EF-D9C7-4EB6-B000-14C71704B8CA}.Debug|Any CPU.ActiveCfg = Debug|Any CPU
		{158185EF-D9C7-4EB6-B000-14C71704B8CA}.Debug|Any CPU.Build.0 = Debug|Any CPU
		{158185EF-D9C7-4EB6-B000-14C71704B8CA}.Release|Any CPU.ActiveCfg = Release|Any CPU
		{158185EF-D9C7-4EB6-B000-14C71704B8CA}.Release|Any CPU.Build.0 = Release|Any CPU
		{A473F857-E2F0-4D22-BDAB-D763DCEB1E05}.Debug|Any CPU.ActiveCfg = Debug|Any CPU
		{A473F857-E2F0-4D22-BDAB-D763DCEB1E05}.Debug|Any CPU.Build.0 = Debug|Any CPU
		{A473F857-E2F0-4D22-BDAB-D763DCEB1E05}.Release|Any CPU.ActiveCfg = Release|Any CPU
		{A473F857-E2F0-4D22-BDAB-D763DCEB1E05}.Release|Any CPU.Build.0 = Release|Any CPU
		{79CC4FF0-FF26-46A3-81FB-A3DBB39862EA}.Debug|Any CPU.ActiveCfg = Debug|Any CPU
		{79CC4FF0-FF26-46A3-81FB-A3DBB39862EA}.Debug|Any CPU.Build.0 = Debug|Any CPU
		{79CC4FF0-FF26-46A3-81FB-A3DBB39862EA}.Release|Any CPU.ActiveCfg = Release|Any CPU
		{79CC4FF0-FF26-46A3-81FB-A3DBB39862EA}.Release|Any CPU.Build.0 = Release|Any CPU
		{3F9076C6-6CD1-43D3-9A73-AF97A0FB26CC}.Debug|Any CPU.ActiveCfg = Debug|Any CPU
		{3F9076C6-6CD1-43D3-9A73-AF97A0FB26CC}.Debug|Any CPU.Build.0 = Debug|Any CPU
		{3F9076C6-6CD1-43D3-9A73-AF97A0FB26CC}.Release|Any CPU.ActiveCfg = Release|Any CPU
		{3F9076C6-6CD1-43D3-9A73-AF97A0FB26CC}.Release|Any CPU.Build.0 = Release|Any CPU
		{1AD07C07-E282-44D4-9780-069FEBD22DB9}.Debug|Any CPU.ActiveCfg = Debug|Any CPU
		{1AD07C07-E282-44D4-9780-069FEBD22DB9}.Debug|Any CPU.Build.0 = Debug|Any CPU
		{1AD07C07-E282-44D4-9780-069FEBD22DB9}.Release|Any CPU.ActiveCfg = Release|Any CPU
		{1AD07C07-E282-44D4-9780-069FEBD22DB9}.Release|Any CPU.Build.0 = Release|Any CPU
		{C79EDF8C-9DA8-42B1-9C22-35BF1364A398}.Debug|Any CPU.ActiveCfg = Debug|Any CPU
		{C79EDF8C-9DA8-42B1-9C22-35BF1364A398}.Debug|Any CPU.Build.0 = Debug|Any CPU
		{C79EDF8C-9DA8-42B1-9C22-35BF1364A398}.Release|Any CPU.ActiveCfg = Release|Any CPU
		{C79EDF8C-9DA8-42B1-9C22-35BF1364A398}.Release|Any CPU.Build.0 = Release|Any CPU
	EndGlobalSection
EndGlobal
